
Microsoft Visual Studio Solution File, Format Version 12.00
# Visual Studio Version 17
VisualStudioVersion = 17.3.32825.248
MinimumVisualStudioVersion = 10.0.40219.1
Project("{FAE04EC0-301F-11D3-BF4B-00C04F79EFBC}") = "JsonTutorial", "JsonTutorial\JsonTutorial.csproj", "{F498DBDA-2B4C-4C87-8914-C1C46C4B9B43}"
EndProject
Global
	GlobalSection(SolutionConfigurationPlatforms) = preSolution
		Debug|Any CPU = Debug|Any CPU
		Release|Any CPU = Release|Any CPU
	EndGlobalSection
	GlobalSection(ProjectConfigurationPlatforms) = postSolution
		{F498DBDA-2B4C-4C87-8914-C1C46C4B9B43}.Debug|Any CPU.ActiveCfg = Debug|Any CPU
		{F498DBDA-2B4C-4C87-8914-C1C46C4B9B43}.Debug|Any CPU.Build.0 = Debug|Any CPU
		{F498DBDA-2B4C-4C87-8914-C1C46C4B9B43}.Release|Any CPU.ActiveCfg = Release|Any CPU
		{F498DBDA-2B4C-4C87-8914-C1C46C4B9B43}.Release|Any CPU.Build.0 = Release|Any CPU
	EndGlobalSection
	GlobalSection(SolutionProperties) = preSolution
		HideSolutionNode = FALSE
	EndGlobalSection
	GlobalSection(ExtensibilityGlobals) = postSolution
		SolutionGuid = {05E39B38-53AD-4232-962B-5FAC6C19C248}
	EndGlobalSection
EndGlobal
